
Microsoft Visual Studio Solution File, Format Version 12.00
# Visual Studio 15
VisualStudioVersion = 15.0.27004.2008
MinimumVisualStudioVersion = 10.0.40219.1
Project("{FAE04EC0-301F-11D3-BF4B-00C04F79EFBC}") = "CS_Week1_Opdracht2", "CS_Week1_Opdracht2\CS_Week1_Opdracht2.csproj", "{0962C679-B871-4978-8190-0A5DD5CD3F44}"
EndProject
Global
	GlobalSection(SolutionConfigurationPlatforms) = preSolution
		Debug|Any CPU = Debug|Any CPU
		Release|Any CPU = Release|Any CPU
	EndGlobalSection
	GlobalSection(ProjectConfigurationPlatforms) = postSolution
		{0962C679-B871-4978-8190-0A5DD5CD3F44}.Debug|Any CPU.ActiveCfg = Debug|Any CPU
		{0962C679-B871-4978-8190-0A5DD5CD3F44}.Debug|Any CPU.Build.0 = Debug|Any CPU
		{0962C679-B871-4978-8190-0A5DD5CD3F44}.Release|Any CPU.ActiveCfg = Release|Any CPU
		{0962C679-B871-4978-8190-0A5DD5CD3F44}.Release|Any CPU.Build.0 = Release|Any CPU
	EndGlobalSection
	GlobalSection(SolutionProperties) = preSolution
		HideSolutionNode = FALSE
	EndGlobalSection
	GlobalSection(ExtensibilityGlobals) = postSolution
		SolutionGuid = {CA3D93A7-C3D3-4AA1-B1D8-034AF4BDDEDA}
	EndGlobalSection
EndGlobal
